
Microsoft Visual Studio Solution File, Format Version 12.00
# Visual Studio 2013
VisualStudioVersion = 12.0.20827.3
MinimumVisualStudioVersion = 10.0.40219.1
Project("{FAE04EC0-301F-11D3-BF4B-00C04F79EFBC}") = "AngularJsTutorials", "AngularJsTutorials\AngularJsTutorials.csproj", "{BAA69C1B-167F-4C03-BCA2-96FDDE876800}"
EndProject
Global
	GlobalSection(SolutionConfigurationPlatforms) = preSolution
		Debug|Any CPU = Debug|Any CPU
		Release|Any CPU = Release|Any CPU
	EndGlobalSection
	GlobalSection(ProjectConfigurationPlatforms) = postSolution
		{BAA69C1B-167F-4C03-BCA2-96FDDE876800}.Debug|Any CPU.ActiveCfg = Debug|Any CPU
		{BAA69C1B-167F-4C03-BCA2-96FDDE876800}.Debug|Any CPU.Build.0 = Debug|Any CPU
		{BAA69C1B-167F-4C03-BCA2-96FDDE876800}.Release|Any CPU.ActiveCfg = Release|Any CPU
		{BAA69C1B-167F-4C03-BCA2-96FDDE876800}.Release|Any CPU.Build.0 = Release|Any CPU
	EndGlobalSection
	GlobalSection(SolutionProperties) = preSolution
		HideSolutionNode = FALSE
	EndGlobalSection
EndGlobal
